
Microsoft Visual Studio Solution File, Format Version 12.00
# Visual Studio Version 18
VisualStudioVersion = 18.2.11415.280
MinimumVisualStudioVersion = 10.0.40219.1
Project("{2150E333-8FDC-42A3-9474-1A3956D46DE8}") = "src", "src", "{827E0CD3-B72D-47B6-A68D-7590B98EB39B}"
EndProject
Project("{2150E333-8FDC-42A3-9474-1A3956D46DE8}") = "Shared", "Shared", "{C8E42992-5E42-0C2B-DBFE-AA848D06431C}"
EndProject
Project("{FAE04EC0-301F-11D3-BF4B-00C04F79EFBC}") = "SpendBear.SharedKernel", "src\Shared\SpendBear.SharedKernel\SpendBear.SharedKernel.csproj", "{FC353300-EB07-493A-98B8-B74AC8A56BA4}"
EndProject
Project("{FAE04EC0-301F-11D3-BF4B-00C04F79EFBC}") = "SpendBear.Infrastructure.Core", "src\Shared\SpendBear.Infrastructure.Core\SpendBear.Infrastructure.Core.csproj", "{39498777-C46D-49BD-8319-656F4A68215B}"
EndProject
Project("{2150E333-8FDC-42A3-9474-1A3956D46DE8}") = "Api", "Api", "{81034408-37C8-1011-444E-4C15C2FADA8E}"
EndProject
Project("{FAE04EC0-301F-11D3-BF4B-00C04F79EFBC}") = "SpendBear.Api", "src\Api\SpendBear.Api\SpendBear.Api.csproj", "{1AAD20A6-D052-4BA7-B311-6082E3DBAEAE}"
EndProject
Project("{2150E333-8FDC-42A3-9474-1A3956D46DE8}") = "Modules", "Modules", "{EC447DCF-ABFA-6E24-52A5-D7FD48A5C558}"
EndProject
Project("{2150E333-8FDC-42A3-9474-1A3956D46DE8}") = "Identity", "Identity", "{0EC62A1A-9858-3A60-8A0C-FC9AACFA2EC7}"
EndProject
Project("{FAE04EC0-301F-11D3-BF4B-00C04F79EFBC}") = "Identity.Domain", "src\Modules\Identity\Identity.Domain\Identity.Domain.csproj", "{C573C4C0-67F8-4AEC-B597-85A7A94F5C46}"
EndProject
Project("{FAE04EC0-301F-11D3-BF4B-00C04F79EFBC}") = "Identity.Application", "src\Modules\Identity\Identity.Application\Identity.Application.csproj", "{11102696-A5B4-4B42-A53A-9E8FE497DE38}"
EndProject
Project("{FAE04EC0-301F-11D3-BF4B-00C04F79EFBC}") = "Identity.Infrastructure", "src\Modules\Identity\Identity.Infrastructure\Identity.Infrastructure.csproj", "{76F17030-936D-440E-BE1E-596D03C4FABC}"
EndProject
Project("{FAE04EC0-301F-11D3-BF4B-00C04F79EFBC}") = "Identity.Api", "src\Modules\Identity\Identity.Api\Identity.Api.csproj", "{32CD3160-97BD-4207-9FBE-980EB696011F}"
EndProject
Project("{2150E333-8FDC-42A3-9474-1A3956D46DE8}") = "Spending", "Spending", "{11526679-C6EF-8B5F-40F4-1059641C9F6B}"
EndProject
Project("{FAE04EC0-301F-11D3-BF4B-00C04F79EFBC}") = "Spending.Domain", "src\Modules\Spending\Spending.Domain\Spending.Domain.csproj", "{495EDFE9-5F6C-41FB-BB46-4DE27A74B4A6}"
EndProject
Project("{FAE04EC0-301F-11D3-BF4B-00C04F79EFBC}") = "Spending.Application", "src\Modules\Spending\Spending.Application\Spending.Application.csproj", "{D776CD55-03C2-42F5-BA4E-3EB9B039AF88}"
EndProject
Project("{FAE04EC0-301F-11D3-BF4B-00C04F79EFBC}") = "Spending.Infrastructure", "src\Modules\Spending\Spending.Infrastructure\Spending.Infrastructure.csproj", "{E81869CC-E8AA-4464-A31B-D84ADC15D57C}"
EndProject
Project("{FAE04EC0-301F-11D3-BF4B-00C04F79EFBC}") = "Spending.Api", "src\Modules\Spending\Spending.Api\Spending.Api.csproj", "{8F35F34C-EF55-4939-A44E-B3FB7BC92D52}"
EndProject
Project("{2150E333-8FDC-42A3-9474-1A3956D46DE8}") = "Budgets", "Budgets", "{D8AF9F9B-3784-5BC8-3504-1533E21356D8}"
EndProject
Project("{FAE04EC0-301F-11D3-BF4B-00C04F79EFBC}") = "Budgets.Domain", "src\Modules\Budgets\Budgets.Domain\Budgets.Domain.csproj", "{3F1DA38F-73B6-4AB5-BE49-4F2E0FDB4CDC}"
EndProject
Project("{FAE04EC0-301F-11D3-BF4B-00C04F79EFBC}") = "Budgets.Application", "src\Modules\Budgets\Budgets.Application\Budgets.Application.csproj", "{CDC00267-84B2-4776-BE20-21FCEF51FB38}"
EndProject
Project("{FAE04EC0-301F-11D3-BF4B-00C04F79EFBC}") = "Budgets.Infrastructure", "src\Modules\Budgets\Budgets.Infrastructure\Budgets.Infrastructure.csproj", "{3F0502B0-3613-4E94-BA98-AF9C4BDF3854}"
EndProject
Project("{FAE04EC0-301F-11D3-BF4B-00C04F79EFBC}") = "Budgets.Api", "src\Modules\Budgets\Budgets.Api\Budgets.Api.csproj", "{3F90E68F-7F25-47A1-90AA-C6ED00F57F76}"
EndProject
Project("{2150E333-8FDC-42A3-9474-1A3956D46DE8}") = "Analytics", "Analytics", "{DA0A0FAD-B77D-FDD6-35C5-001386650F99}"
EndProject
Project("{FAE04EC0-301F-11D3-BF4B-00C04F79EFBC}") = "Analytics.Domain", "src\Modules\Analytics\Analytics.Domain\Analytics.Domain.csproj", "{5235C283-B9CB-4C11-9EBB-83B2C89F98B9}"
EndProject
Project("{FAE04EC0-301F-11D3-BF4B-00C04F79EFBC}") = "Analytics.Application", "src\Modules\Analytics\Analytics.Application\Analytics.Application.csproj", "{AE98B832-1947-46D5-9FDD-72D46B68DB2D}"
EndProject
Project("{FAE04EC0-301F-11D3-BF4B-00C04F79EFBC}") = "Analytics.Infrastructure", "src\Modules\Analytics\Analytics.Infrastructure\Analytics.Infrastructure.csproj", "{9E126044-3D4D-482F-A16D-44C39FA42E4B}"
EndProject
Project("{FAE04EC0-301F-11D3-BF4B-00C04F79EFBC}") = "Analytics.Api", "src\Modules\Analytics\Analytics.Api\Analytics.Api.csproj", "{D428774E-CB01-40EB-B6AA-59B020B1882A}"
EndProject
Project("{2150E333-8FDC-42A3-9474-1A3956D46DE8}") = "Notifications", "Notifications", "{EE99F00B-90FF-4EBA-B3C8-6F942CBE3BD3}"
EndProject
Project("{FAE04EC0-301F-11D3-BF4B-00C04F79EFBC}") = "Notifications.Api", "src\Modules\Notifications\Notifications.Api\Notifications.Api.csproj", "{DDB47CFA-8792-8C5B-0A4F-8EB01FE1B03D}"
EndProject
Project("{FAE04EC0-301F-11D3-BF4B-00C04F79EFBC}") = "Notifications.Application", "src\Modules\Notifications\Notifications.Application\Notifications.Application.csproj", "{73D95EB1-82B2-BB04-2BD1-9ABAAA759583}"
EndProject
Project("{FAE04EC0-301F-11D3-BF4B-00C04F79EFBC}") = "Notifications.Domain", "src\Modules\Notifications\Notifications.Domain\Notifications.Domain.csproj", "{FE435BCA-F079-CD9C-0CD3-3CAACF87049E}"
EndProject
Project("{FAE04EC0-301F-11D3-BF4B-00C04F79EFBC}") = "Notifications.Infrastructure", "src\Modules\Notifications\Notifications.Infrastructure\Notifications.Infrastructure.csproj", "{48A81B6F-5BDC-847F-6928-D7C2FA85D215}"
EndProject
Project("{2150E333-8FDC-42A3-9474-1A3956D46DE8}") = "tests", "tests", "{2A36DCA0-719C-4CF9-AEA6-12A90CDF65B0}"
EndProject
Project("{2150E333-8FDC-42A3-9474-1A3956D46DE8}") = "Analytics", "Analytics", "{B4370478-BE44-4257-AC5B-32CE00E84765}"
EndProject
Project("{2150E333-8FDC-42A3-9474-1A3956D46DE8}") = "Budgets", "Budgets", "{30574476-9316-4113-910A-93FBF1D5E4DD}"
EndProject
Project("{2150E333-8FDC-42A3-9474-1A3956D46DE8}") = "Notifications", "Notifications", "{B8F55DCB-183B-4968-AF84-47A1122AE413}"
EndProject
Project("{2150E333-8FDC-42A3-9474-1A3956D46DE8}") = "Identity", "Identity", "{9695FF36-58C9-4421-A801-0290D250514A}"
EndProject
Project("{2150E333-8FDC-42A3-9474-1A3956D46DE8}") = "Spending", "Spending", "{259CEF11-A7EA-4B45-A353-625ACC6DFAD6}"
EndProject
Project("{2150E333-8FDC-42A3-9474-1A3956D46DE8}") = "Unit", "Unit", "{B2886732-9998-4040-BC44-4E71A5196043}"
EndProject
Project("{2150E333-8FDC-42A3-9474-1A3956D46DE8}") = "Integration", "Integration", "{218CEAEC-5E46-4B4F-B843-7233781E3ADD}"
EndProject
Project("{2150E333-8FDC-42A3-9474-1A3956D46DE8}") = "Api", "Api", "{F12E0C16-0A0F-4A1F-8CBA-C20B3F9FED7D}"
EndProject
Project("{FAE04EC0-301F-11D3-BF4B-00C04F79EFBC}") = "SpendBear.IntegrationTests", "tests\Integration\SpendBear.IntegrationTests\SpendBear.IntegrationTests.csproj", "{B56A7AB3-E3C6-0A2A-89EC-2BFF87D94B42}"
EndProject
Project("{FAE04EC0-301F-11D3-BF4B-00C04F79EFBC}") = "SpendBear.ApiTests", "tests\Api\SpendBear.ApiTests\SpendBear.ApiTests.csproj", "{09C933D7-A8CD-E7BE-BF29-15BF0F35457E}"
EndProject
Project("{FAE04EC0-301F-11D3-BF4B-00C04F79EFBC}") = "Analytics.Application.Tests", "tests\Unit\Analytics\Analytics.Application.Tests\Analytics.Application.Tests.csproj", "{B46CBC9A-BF3D-B520-58A8-2A73FB9BE21E}"
EndProject
Project("{FAE04EC0-301F-11D3-BF4B-00C04F79EFBC}") = "Analytics.Domain.Tests", "tests\Unit\Analytics\Analytics.Domain.Tests\Analytics.Domain.Tests.csproj", "{E64472A8-EBB1-CD59-9883-5CEDC5CC7BF6}"
EndProject
Project("{FAE04EC0-301F-11D3-BF4B-00C04F79EFBC}") = "Budgets.Application.Tests", "tests\Unit\Budgets\Budgets.Application.Tests\Budgets.Application.Tests.csproj", "{B37F5242-79F8-278D-030C-E2EDB6294FA3}"
EndProject
Project("{FAE04EC0-301F-11D3-BF4B-00C04F79EFBC}") = "Budgets.Domain.Tests", "tests\Unit\Budgets\Budgets.Domain.Tests\Budgets.Domain.Tests.csproj", "{3D138CDE-0B21-3F42-5059-AA8D0B2BB9FB}"
EndProject
Project("{FAE04EC0-301F-11D3-BF4B-00C04F79EFBC}") = "Notifications.Application.Tests", "tests\Unit\Notifications\Notifications.Application.Tests\Notifications.Application.Tests.csproj", "{48787F1C-B250-592C-ABD5-7DD275F18D41}"
EndProject
Project("{FAE04EC0-301F-11D3-BF4B-00C04F79EFBC}") = "Notifications.Domain.Tests", "tests\Unit\Notifications\Notifications.Domain.Tests\Notifications.Domain.Tests.csproj", "{AE464222-BCF6-19FA-99EC-6E6CB5608991}"
EndProject
Project("{FAE04EC0-301F-11D3-BF4B-00C04F79EFBC}") = "Spending.Application.Tests", "tests\Unit\Spending\Spending.Application.Tests\Spending.Application.Tests.csproj", "{63E29C6A-DCB8-6F79-533F-061CA6AE5642}"
EndProject
Project("{FAE04EC0-301F-11D3-BF4B-00C04F79EFBC}") = "Spending.Domain.Tests", "tests\Unit\Spending\Spending.Domain.Tests\Spending.Domain.Tests.csproj", "{2EAB4A44-6257-ED3C-0FA4-7BAF032E05FC}"
EndProject
Project("{2150E333-8FDC-42A3-9474-1A3956D46DE8}") = "StatementImport", "StatementImport", "{A5244757-3229-128B-77B7-24EA3D1F035B}"
EndProject
Project("{FAE04EC0-301F-11D3-BF4B-00C04F79EFBC}") = "StatementImport.Domain", "src\Modules\StatementImport\StatementImport.Domain\StatementImport.Domain.csproj", "{259AF0CB-E7DD-406A-A12D-C3F74AA74232}"
EndProject
Project("{FAE04EC0-301F-11D3-BF4B-00C04F79EFBC}") = "StatementImport.Application", "src\Modules\StatementImport\StatementImport.Application\StatementImport.Application.csproj", "{E142DF29-3BAB-46AC-AC91-C6731A489E4B}"
EndProject
Project("{FAE04EC0-301F-11D3-BF4B-00C04F79EFBC}") = "StatementImport.Infrastructure", "src\Modules\StatementImport\StatementImport.Infrastructure\StatementImport.Infrastructure.csproj", "{C78EED60-EA48-46E8-99DC-1B63AE33F671}"
EndProject
Project("{FAE04EC0-301F-11D3-BF4B-00C04F79EFBC}") = "StatementImport.Api", "src\Modules\StatementImport\StatementImport.Api\StatementImport.Api.csproj", "{3A1D8B45-6B62-46DE-A0CC-8291E30A7EEB}"
EndProject
Project("{2150E333-8FDC-42A3-9474-1A3956D46DE8}") = "StatementImport", "StatementImport", "{5CB90DFD-0C71-91A2-0BBC-CE80EF027794}"
EndProject
Project("{FAE04EC0-301F-11D3-BF4B-00C04F79EFBC}") = "StatementImport.Domain.Tests", "tests\Unit\StatementImport\StatementImport.Domain.Tests\StatementImport.Domain.Tests.csproj", "{7C3D5C3C-79DB-4B2D-AB24-2256E00BC5FA}"
EndProject
Project("{FAE04EC0-301F-11D3-BF4B-00C04F79EFBC}") = "StatementImport.Application.Tests", "tests\Unit\StatementImport\StatementImport.Application.Tests\StatementImport.Application.Tests.csproj", "{AA7A3EB1-948A-482E-9DBD-0E13325D7191}"
EndProject
Global
	GlobalSection(SolutionConfigurationPlatforms) = preSolution
		Debug|Any CPU = Debug|Any CPU
		Debug|x64 = Debug|x64
		Debug|x86 = Debug|x86
		Release|Any CPU = Release|Any CPU
		Release|x64 = Release|x64
		Release|x86 = Release|x86
	EndGlobalSection
	GlobalSection(ProjectConfigurationPlatforms) = postSolution
		{FC353300-EB07-493A-98B8-B74AC8A56BA4}.Debug|Any CPU.ActiveCfg = Debug|Any CPU
		{FC353300-EB07-493A-98B8-B74AC8A56BA4}.Debug|Any CPU.Build.0 = Debug|Any CPU
		{FC353300-EB07-493A-98B8-B74AC8A56BA4}.Debug|x64.ActiveCfg = Debug|Any CPU
		{FC353300-EB07-493A-98B8-B74AC8A56BA4}.Debug|x64.Build.0 = Debug|Any CPU
		{FC353300-EB07-493A-98B8-B74AC8A56BA4}.Debug|x86.ActiveCfg = Debug|Any CPU
		{FC353300-EB07-493A-98B8-B74AC8A56BA4}.Debug|x86.Build.0 = Debug|Any CPU
		{FC353300-EB07-493A-98B8-B74AC8A56BA4}.Release|Any CPU.ActiveCfg = Release|Any CPU
		{FC353300-EB07-493A-98B8-B74AC8A56BA4}.Release|Any CPU.Build.0 = Release|Any CPU
		{FC353300-EB07-493A-98B8-B74AC8A56BA4}.Release|x64.ActiveCfg = Release|Any CPU
		{FC353300-EB07-493A-98B8-B74AC8A56BA4}.Release|x64.Build.0 = Release|Any CPU
		{FC353300-EB07-493A-98B8-B74AC8A56BA4}.Release|x86.ActiveCfg = Release|Any CPU
		{FC353300-EB07-493A-98B8-B74AC8A56BA4}.Release|x86.Build.0 = Release|Any CPU
		{39498777-C46D-49BD-8319-656F4A68215B}.Debug|Any CPU.ActiveCfg = Debug|Any CPU
		{39498777-C46D-49BD-8319-656F4A68215B}.Debug|Any CPU.Build.0 = Debug|Any CPU
		{39498777-C46D-49BD-8319-656F4A68215B}.Debug|x64.ActiveCfg = Debug|Any CPU
		{39498777-C46D-49BD-8319-656F4A68215B}.Debug|x64.Build.0 = Debug|Any CPU
		{39498777-C46D-49BD-8319-656F4A68215B}.Debug|x86.ActiveCfg = Debug|Any CPU
		{39498777-C46D-49BD-8319-656F4A68215B}.Debug|x86.Build.0 = Debug|Any CPU
		{39498777-C46D-49BD-8319-656F4A68215B}.Release|Any CPU.ActiveCfg = Release|Any CPU
		{39498777-C46D-49BD-8319-656F4A68215B}.Release|Any CPU.Build.0 = Release|Any CPU
		{39498777-C46D-49BD-8319-656F4A68215B}.Release|x64.ActiveCfg = Release|Any CPU
		{39498777-C46D-49BD-8319-656F4A68215B}.Release|x64.Build.0 = Release|Any CPU
		{39498777-C46D-49BD-8319-656F4A68215B}.Release|x86.ActiveCfg = Release|Any CPU
		{39498777-C46D-49BD-8319-656F4A68215B}.Release|x86.Build.0 = Release|Any CPU
		{1AAD20A6-D052-4BA7-B311-6082E3DBAEAE}.Debug|Any CPU.ActiveCfg = Debug|Any CPU
		{1AAD20A6-D052-4BA7-B311-6082E3DBAEAE}.Debug|Any CPU.Build.0 = Debug|Any CPU
		{1AAD20A6-D052-4BA7-B311-6082E3DBAEAE}.Debug|x64.ActiveCfg = Debug|Any CPU
		{1AAD20A6-D052-4BA7-B311-6082E3DBAEAE}.Debug|x64.Build.0 = Debug|Any CPU
		{1AAD20A6-D052-4BA7-B311-6082E3DBAEAE}.Debug|x86.ActiveCfg = Debug|Any CPU
		{1AAD20A6-D052-4BA7-B311-6082E3DBAEAE}.Debug|x86.Build.0 = Debug|Any CPU
		{1AAD20A6-D052-4BA7-B311-6082E3DBAEAE}.Release|Any CPU.ActiveCfg = Release|Any CPU
		{1AAD20A6-D052-4BA7-B311-6082E3DBAEAE}.Release|Any CPU.Build.0 = Release|Any CPU
		{1AAD20A6-D052-4BA7-B311-6082E3DBAEAE}.Release|x64.ActiveCfg = Release|Any CPU
		{1AAD20A6-D052-4BA7-B311-6082E3DBAEAE}.Release|x64.Build.0 = Release|Any CPU
		{1AAD20A6-D052-4BA7-B311-6082E3DBAEAE}.Release|x86.ActiveCfg = Release|Any CPU
		{1AAD20A6-D052-4BA7-B311-6082E3DBAEAE}.Release|x86.Build.0 = Release|Any CPU
		{C573C4C0-67F8-4AEC-B597-85A7A94F5C46}.Debug|Any CPU.ActiveCfg = Debug|Any CPU
		{C573C4C0-67F8-4AEC-B597-85A7A94F5C46}.Debug|Any CPU.Build.0 = Debug|Any CPU
		{C573C4C0-67F8-4AEC-B597-85A7A94F5C46}.Debug|x64.ActiveCfg = Debug|Any CPU
		{C573C4C0-67F8-4AEC-B597-85A7A94F5C46}.Debug|x64.Build.0 = Debug|Any CPU
		{C573C4C0-67F8-4AEC-B597-85A7A94F5C46}.Debug|x86.ActiveCfg = Debug|Any CPU
		{C573C4C0-67F8-4AEC-B597-85A7A94F5C46}.Debug|x86.Build.0 = Debug|Any CPU
		{C573C4C0-67F8-4AEC-B597-85A7A94F5C46}.Release|Any CPU.ActiveCfg = Release|Any CPU
		{C573C4C0-67F8-4AEC-B597-85A7A94F5C46}.Release|Any CPU.Build.0 = Release|Any CPU
		{C573C4C0-67F8-4AEC-B597-85A7A94F5C46}.Release|x64.ActiveCfg = Release|Any CPU
		{C573C4C0-67F8-4AEC-B597-85A7A94F5C46}.Release|x64.Build.0 = Release|Any CPU
		{C573C4C0-67F8-4AEC-B597-85A7A94F5C46}.Release|x86.ActiveCfg = Release|Any CPU
		{C573C4C0-67F8-4AEC-B597-85A7A94F5C46}.Release|x86.Build.0 = Release|Any CPU
		{11102696-A5B4-4B42-A53A-9E8FE497DE38}.Debug|Any CPU.ActiveCfg = Debug|Any CPU
		{11102696-A5B4-4B42-A53A-9E8FE497DE38}.Debug|Any CPU.Build.0 = Debug|Any CPU
		{11102696-A5B4-4B42-A53A-9E8FE497DE38}.Debug|x64.ActiveCfg = Debug|Any CPU
		{11102696-A5B4-4B42-A53A-9E8FE497DE38}.Debug|x64.Build.0 = Debug|Any CPU
		{11102696-A5B4-4B42-A53A-9E8FE497DE38}.Debug|x86.ActiveCfg = Debug|Any CPU
		{11102696-A5B4-4B42-A53A-9E8FE497DE38}.Debug|x86.Build.0 = Debug|Any CPU
		{11102696-A5B4-4B42-A53A-9E8FE497DE38}.Release|Any CPU.ActiveCfg = Release|Any CPU
		{11102696-A5B4-4B42-A53A-9E8FE497DE38}.Release|Any CPU.Build.0 = Release|Any CPU
		{11102696-A5B4-4B42-A53A-9E8FE497DE38}.Release|x64.ActiveCfg = Release|Any CPU
		{11102696-A5B4-4B42-A53A-9E8FE497DE38}.Release|x64.Build.0 = Release|Any CPU
		{11102696-A5B4-4B42-A53A-9E8FE497DE38}.Release|x86.ActiveCfg = Release|Any CPU
		{11102696-A5B4-4B42-A53A-9E8FE497DE38}.Release|x86.Build.0 = Release|Any CPU
		{76F17030-936D-440E-BE1E-596D03C4FABC}.Debug|Any CPU.ActiveCfg = Debug|Any CPU
		{76F17030-936D-440E-BE1E-596D03C4FABC}.Debug|Any CPU.Build.0 = Debug|Any CPU
		{76F17030-936D-440E-BE1E-596D03C4FABC}.Debug|x64.ActiveCfg = Debug|Any CPU
		{76F17030-936D-440E-BE1E-596D03C4FABC}.Debug|x64.Build.0 = Debug|Any CPU
		{76F17030-936D-440E-BE1E-596D03C4FABC}.Debug|x86.ActiveCfg = Debug|Any CPU
		{76F17030-936D-440E-BE1E-596D03C4FABC}.Debug|x86.Build.0 = Debug|Any CPU
		{76F17030-936D-440E-BE1E-596D03C4FABC}.Release|Any CPU.ActiveCfg = Release|Any CPU
		{76F17030-936D-440E-BE1E-596D03C4FABC}.Release|Any CPU.Build.0 = Release|Any CPU
		{76F17030-936D-440E-BE1E-596D03C4FABC}.Release|x64.ActiveCfg = Release|Any CPU
		{76F17030-936D-440E-BE1E-596D03C4FABC}.Release|x64.Build.0 = Release|Any CPU
		{76F17030-936D-440E-BE1E-596D03C4FABC}.Release|x86.ActiveCfg = Release|Any CPU
		{76F17030-936D-440E-BE1E-596D03C4FABC}.Release|x86.Build.0 = Release|Any CPU
		{32CD3160-97BD-4207-9FBE-980EB696011F}.Debug|Any CPU.ActiveCfg = Debug|Any CPU
		{32CD3160-97BD-4207-9FBE-980EB696011F}.Debug|Any CPU.Build.0 = Debug|Any CPU
		{32CD3160-97BD-4207-9FBE-980EB696011F}.Debug|x64.ActiveCfg = Debug|Any CPU
		{32CD3160-97BD-4207-9FBE-980EB696011F}.Debug|x64.Build.0 = Debug|Any CPU
		{32CD3160-97BD-4207-9FBE-980EB696011F}.Debug|x86.ActiveCfg = Debug|Any CPU
		{32CD3160-97BD-4207-9FBE-980EB696011F}.Debug|x86.Build.0 = Debug|Any CPU
		{32CD3160-97BD-4207-9FBE-980EB696011F}.Release|Any CPU.ActiveCfg = Release|Any CPU
		{32CD3160-97BD-4207-9FBE-980EB696011F}.Release|Any CPU.Build.0 = Release|Any CPU
		{32CD3160-97BD-4207-9FBE-980EB696011F}.Release|x64.ActiveCfg = Release|Any CPU
		{32CD3160-97BD-4207-9FBE-980EB696011F}.Release|x64.Build.0 = Release|Any CPU
		{32CD3160-97BD-4207-9FBE-980EB696011F}.Release|x86.ActiveCfg = Release|Any CPU
		{32CD3160-97BD-4207-9FBE-980EB696011F}.Release|x86.Build.0 = Release|Any CPU
		{495EDFE9-5F6C-41FB-BB46-4DE27A74B4A6}.Debug|Any CPU.ActiveCfg = Debug|Any CPU
		{495EDFE9-5F6C-41FB-BB46-4DE27A74B4A6}.Debug|Any CPU.Build.0 = Debug|Any CPU
		{495EDFE9-5F6C-41FB-BB46-4DE27A74B4A6}.Debug|x64.ActiveCfg = Debug|Any CPU
		{495EDFE9-5F6C-41FB-BB46-4DE27A74B4A6}.Debug|x64.Build.0 = Debug|Any CPU
		{495EDFE9-5F6C-41FB-BB46-4DE27A74B4A6}.Debug|x86.ActiveCfg = Debug|Any CPU
		{495EDFE9-5F6C-41FB-BB46-4DE27A74B4A6}.Debug|x86.Build.0 = Debug|Any CPU
		{495EDFE9-5F6C-41FB-BB46-4DE27A74B4A6}.Release|Any CPU.ActiveCfg = Release|Any CPU
		{495EDFE9-5F6C-41FB-BB46-4DE27A74B4A6}.Release|Any CPU.Build.0 = Release|Any CPU
		{495EDFE9-5F6C-41FB-BB46-4DE27A74B4A6}.Release|x64.ActiveCfg = Release|Any CPU
		{495EDFE9-5F6C-41FB-BB46-4DE27A74B4A6}.Release|x64.Build.0 = Release|Any CPU
		{495EDFE9-5F6C-41FB-BB46-4DE27A74B4A6}.Release|x86.ActiveCfg = Release|Any CPU
		{495EDFE9-5F6C-41FB-BB46-4DE27A74B4A6}.Release|x86.Build.0 = Release|Any CPU
		{D776CD55-03C2-42F5-BA4E-3EB9B039AF88}.Debug|Any CPU.ActiveCfg = Debug|Any CPU
		{D776CD55-03C2-42F5-BA4E-3EB9B039AF88}.Debug|Any CPU.Build.0 = Debug|Any CPU
		{D776CD55-03C2-42F5-BA4E-3EB9B039AF88}.Debug|x64.ActiveCfg = Debug|Any CPU
		{D776CD55-03C2-42F5-BA4E-3EB9B039AF88}.Debug|x64.Build.0 = Debug|Any CPU
		{D776CD55-03C2-42F5-BA4E-3EB9B039AF88}.Debug|x86.ActiveCfg = Debug|Any CPU
		{D776CD55-03C2-42F5-BA4E-3EB9B039AF88}.Debug|x86.Build.0 = Debug|Any CPU
		{D776CD55-03C2-42F5-BA4E-3EB9B039AF88}.Release|Any CPU.ActiveCfg = Release|Any CPU
		{D776CD55-03C2-42F5-BA4E-3EB9B039AF88}.Release|Any CPU.Build.0 = Release|Any CPU
		{D776CD55-03C2-42F5-BA4E-3EB9B039AF88}.Release|x64.ActiveCfg = Release|Any CPU
		{D776CD55-03C2-42F5-BA4E-3EB9B039AF88}.Release|x64.Build.0 = Release|Any CPU
		{D776CD55-03C2-42F5-BA4E-3EB9B039AF88}.Release|x86.ActiveCfg = Release|Any CPU
		{D776CD55-03C2-42F5-BA4E-3EB9B039AF88}.Release|x86.Build.0 = Release|Any CPU
		{E81869CC-E8AA-4464-A31B-D84ADC15D57C}.Debug|Any CPU.ActiveCfg = Debug|Any CPU
		{E81869CC-E8AA-4464-A31B-D84ADC15D57C}.Debug|Any CPU.Build.0 = Debug|Any CPU
		{E81869CC-E8AA-4464-A31B-D84ADC15D57C}.Debug|x64.ActiveCfg = Debug|Any CPU
		{E81869CC-E8AA-4464-A31B-D84ADC15D57C}.Debug|x64.Build.0 = Debug|Any CPU
		{E81869CC-E8AA-4464-A31B-D84ADC15D57C}.Debug|x86.ActiveCfg = Debug|Any CPU
		{E81869CC-E8AA-4464-A31B-D84ADC15D57C}.Debug|x86.Build.0 = Debug|Any CPU
		{E81869CC-E8AA-4464-A31B-D84ADC15D57C}.Release|Any CPU.ActiveCfg = Release|Any CPU
		{E81869CC-E8AA-4464-A31B-D84ADC15D57C}.Release|Any CPU.Build.0 = Release|Any CPU
		{E81869CC-E8AA-4464-A31B-D84ADC15D57C}.Release|x64.ActiveCfg = Release|Any CPU
		{E81869CC-E8AA-4464-A31B-D84ADC15D57C}.Release|x64.Build.0 = Release|Any CPU
		{E81869CC-E8AA-4464-A31B-D84ADC15D57C}.Release|x86.ActiveCfg = Release|Any CPU
		{E81869CC-E8AA-4464-A31B-D84ADC15D57C}.Release|x86.Build.0 = Release|Any CPU
		{8F35F34C-EF55-4939-A44E-B3FB7BC92D52}.Debug|Any CPU.ActiveCfg = Debug|Any CPU
		{8F35F34C-EF55-4939-A44E-B3FB7BC92D52}.Debug|Any CPU.Build.0 = Debug|Any CPU
		{8F35F34C-EF55-4939-A44E-B3FB7BC92D52}.Debug|x64.ActiveCfg = Debug|Any CPU
		{8F35F34C-EF55-4939-A44E-B3FB7BC92D52}.Debug|x64.Build.0 = Debug|Any CPU
		{8F35F34C-EF55-4939-A44E-B3FB7BC92D52}.Debug|x86.ActiveCfg = Debug|Any CPU
		{8F35F34C-EF55-4939-A44E-B3FB7BC92D52}.Debug|x86.Build.0 = Debug|Any CPU
		{8F35F34C-EF55-4939-A44E-B3FB7BC92D52}.Release|Any CPU.ActiveCfg = Release|Any CPU
		{8F35F34C-EF55-4939-A44E-B3FB7BC92D52}.Release|Any CPU.Build.0 = Release|Any CPU
		{8F35F34C-EF55-4939-A44E-B3FB7BC92D52}.Release|x64.ActiveCfg = Release|Any CPU
		{8F35F34C-EF55-4939-A44E-B3FB7BC92D52}.Release|x64.Build.0 = Release|Any CPU
		{8F35F34C-EF55-4939-A44E-B3FB7BC92D52}.Release|x86.ActiveCfg = Release|Any CPU
		{8F35F34C-EF55-4939-A44E-B3FB7BC92D52}.Release|x86.Build.0 = Release|Any CPU
		{3F1DA38F-73B6-4AB5-BE49-4F2E0FDB4CDC}.Debug|Any CPU.ActiveCfg = Debug|Any CPU
		{3F1DA38F-73B6-4AB5-BE49-4F2E0FDB4CDC}.Debug|Any CPU.Build.0 = Debug|Any CPU
		{3F1DA38F-73B6-4AB5-BE49-4F2E0FDB4CDC}.Debug|x64.ActiveCfg = Debug|Any CPU
		{3F1DA38F-73B6-4AB5-BE49-4F2E0FDB4CDC}.Debug|x64.Build.0 = Debug|Any CPU
		{3F1DA38F-73B6-4AB5-BE49-4F2E0FDB4CDC}.Debug|x86.ActiveCfg = Debug|Any CPU
		{3F1DA38F-73B6-4AB5-BE49-4F2E0FDB4CDC}.Debug|x86.Build.0 = Debug|Any CPU
		{3F1DA38F-73B6-4AB5-BE49-4F2E0FDB4CDC}.Release|Any CPU.ActiveCfg = Release|Any CPU
		{3F1DA38F-73B6-4AB5-BE49-4F2E0FDB4CDC}.Release|Any CPU.Build.0 = Release|Any CPU
		{3F1DA38F-73B6-4AB5-BE49-4F2E0FDB4CDC}.Release|x64.ActiveCfg = Release|Any CPU
		{3F1DA38F-73B6-4AB5-BE49-4F2E0FDB4CDC}.Release|x64.Build.0 = Release|Any CPU
		{3F1DA38F-73B6-4AB5-BE49-4F2E0FDB4CDC}.Release|x86.ActiveCfg = Release|Any CPU
		{3F1DA38F-73B6-4AB5-BE49-4F2E0FDB4CDC}.Release|x86.Build.0 = Release|Any CPU
		{CDC00267-84B2-4776-BE20-21FCEF51FB38}.Debug|Any CPU.ActiveCfg = Debug|Any CPU
		{CDC00267-84B2-4776-BE20-21FCEF51FB38}.Debug|Any CPU.Build.0 = Debug|Any CPU
		{CDC00267-84B2-4776-BE20-21FCEF51FB38}.Debug|x64.ActiveCfg = Debug|Any CPU
		{CDC00267-84B2-4776-BE20-21FCEF51FB38}.Debug|x64.Build.0 = Debug|Any CPU
		{CDC00267-84B2-4776-BE20-21FCEF51FB38}.Debug|x86.ActiveCfg = Debug|Any CPU
		{CDC00267-84B2-4776-BE20-21FCEF51FB38}.Debug|x86.Build.0 = Debug|Any CPU
		{CDC00267-84B2-4776-BE20-21FCEF51FB38}.Release|Any CPU.ActiveCfg = Release|Any CPU
		{CDC00267-84B2-4776-BE20-21FCEF51FB38}.Release|Any CPU.Build.0 = Release|Any CPU
		{CDC00267-84B2-4776-BE20-21FCEF51FB38}.Release|x64.ActiveCfg = Release|Any CPU
		{CDC00267-84B2-4776-BE20-21FCEF51FB38}.Release|x64.Build.0 = Release|Any CPU
		{CDC00267-84B2-4776-BE20-21FCEF51FB38}.Release|x86.ActiveCfg = Release|Any CPU
		{CDC00267-84B2-4776-BE20-21FCEF51FB38}.Release|x86.Build.0 = Release|Any CPU
		{3F0502B0-3613-4E94-BA98-AF9C4BDF3854}.Debug|Any CPU.ActiveCfg = Debug|Any CPU
		{3F0502B0-3613-4E94-BA98-AF9C4BDF3854}.Debug|Any CPU.Build.0 = Debug|Any CPU
		{3F0502B0-3613-4E94-BA98-AF9C4BDF3854}.Debug|x64.ActiveCfg = Debug|Any CPU
		{3F0502B0-3613-4E94-BA98-AF9C4BDF3854}.Debug|x64.Build.0 = Debug|Any CPU
		{3F0502B0-3613-4E94-BA98-AF9C4BDF3854}.Debug|x86.ActiveCfg = Debug|Any CPU
		{3F0502B0-3613-4E94-BA98-AF9C4BDF3854}.Debug|x86.Build.0 = Debug|Any CPU
		{3F0502B0-3613-4E94-BA98-AF9C4BDF3854}.Release|Any CPU.ActiveCfg = Release|Any CPU
		{3F0502B0-3613-4E94-BA98-AF9C4BDF3854}.Release|Any CPU.Build.0 = Release|Any CPU
		{3F0502B0-3613-4E94-BA98-AF9C4BDF3854}.Release|x64.ActiveCfg = Release|Any CPU
		{3F0502B0-3613-4E94-BA98-AF9C4BDF3854}.Release|x64.Build.0 = Release|Any CPU
		{3F0502B0-3613-4E94-BA98-AF9C4BDF3854}.Release|x86.ActiveCfg = Release|Any CPU
		{3F0502B0-3613-4E94-BA98-AF9C4BDF3854}.Release|x86.Build.0 = Release|Any CPU
		{3F90E68F-7F25-47A1-90AA-C6ED00F57F76}.Debug|Any CPU.ActiveCfg = Debug|Any CPU
		{3F90E68F-7F25-47A1-90AA-C6ED00F57F76}.Debug|Any CPU.Build.0 = Debug|Any CPU
		{3F90E68F-7F25-47A1-90AA-C6ED00F57F76}.Debug|x64.ActiveCfg = Debug|Any CPU
		{3F90E68F-7F25-47A1-90AA-C6ED00F57F76}.Debug|x64.Build.0 = Debug|Any CPU
		{3F90E68F-7F25-47A1-90AA-C6ED00F57F76}.Debug|x86.ActiveCfg = Debug|Any CPU
		{3F90E68F-7F25-47A1-90AA-C6ED00F57F76}.Debug|x86.Build.0 = Debug|Any CPU
		{3F90E68F-7F25-47A1-90AA-C6ED00F57F76}.Release|Any CPU.ActiveCfg = Release|Any CPU
		{3F90E68F-7F25-47A1-90AA-C6ED00F57F76}.Release|Any CPU.Build.0 = Release|Any CPU
		{3F90E68F-7F25-47A1-90AA-C6ED00F57F76}.Release|x64.ActiveCfg = Release|Any CPU
		{3F90E68F-7F25-47A1-90AA-C6ED00F57F76}.Release|x64.Build.0 = Release|Any CPU
		{3F90E68F-7F25-47A1-90AA-C6ED00F57F76}.Release|x86.ActiveCfg = Release|Any CPU
		{3F90E68F-7F25-47A1-90AA-C6ED00F57F76}.Release|x86.Build.0 = Release|Any CPU
		{5235C283-B9CB-4C11-9EBB-83B2C89F98B9}.Debug|Any CPU.ActiveCfg = Debug|Any CPU
		{5235C283-B9CB-4C11-9EBB-83B2C89F98B9}.Debug|Any CPU.Build.0 = Debug|Any CPU
		{5235C283-B9CB-4C11-9EBB-83B2C89F98B9}.Debug|x64.ActiveCfg = Debug|Any CPU
		{5235C283-B9CB-4C11-9EBB-83B2C89F98B9}.Debug|x64.Build.0 = Debug|Any CPU
		{5235C283-B9CB-4C11-9EBB-83B2C89F98B9}.Debug|x86.ActiveCfg = Debug|Any CPU
		{5235C283-B9CB-4C11-9EBB-83B2C89F98B9}.Debug|x86.Build.0 = Debug|Any CPU
		{5235C283-B9CB-4C11-9EBB-83B2C89F98B9}.Release|Any CPU.ActiveCfg = Release|Any CPU
		{5235C283-B9CB-4C11-9EBB-83B2C89F98B9}.Release|Any CPU.Build.0 = Release|Any CPU
		{5235C283-B9CB-4C11-9EBB-83B2C89F98B9}.Release|x64.ActiveCfg = Release|Any CPU
		{5235C283-B9CB-4C11-9EBB-83B2C89F98B9}.Release|x64.Build.0 = Release|Any CPU
		{5235C283-B9CB-4C11-9EBB-83B2C89F98B9}.Release|x86.ActiveCfg = Release|Any CPU
		{5235C283-B9CB-4C11-9EBB-83B2C89F98B9}.Release|x86.Build.0 = Release|Any CPU
		{AE98B832-1947-46D5-9FDD-72D46B68DB2D}.Debug|Any CPU.ActiveCfg = Debug|Any CPU
		{AE98B832-1947-46D5-9FDD-72D46B68DB2D}.Debug|Any CPU.Build.0 = Debug|Any CPU
		{AE98B832-1947-46D5-9FDD-72D46B68DB2D}.Debug|x64.ActiveCfg = Debug|Any CPU
		{AE98B832-1947-46D5-9FDD-72D46B68DB2D}.Debug|x64.Build.0 = Debug|Any CPU
		{AE98B832-1947-46D5-9FDD-72D46B68DB2D}.Debug|x86.ActiveCfg = Debug|Any CPU
		{AE98B832-1947-46D5-9FDD-72D46B68DB2D}.Debug|x86.Build.0 = Debug|Any CPU
		{AE98B832-1947-46D5-9FDD-72D46B68DB2D}.Release|Any CPU.ActiveCfg = Release|Any CPU
		{AE98B832-1947-46D5-9FDD-72D46B68DB2D}.Release|Any CPU.Build.0 = Release|Any CPU
		{AE98B832-1947-46D5-9FDD-72D46B68DB2D}.Release|x64.ActiveCfg = Release|Any CPU
		{AE98B832-1947-46D5-9FDD-72D46B68DB2D}.Release|x64.Build.0 = Release|Any CPU
		{AE98B832-1947-46D5-9FDD-72D46B68DB2D}.Release|x86.ActiveCfg = Release|Any CPU
		{AE98B832-1947-46D5-9FDD-72D46B68DB2D}.Release|x86.Build.0 = Release|Any CPU
		{9E126044-3D4D-482F-A16D-44C39FA42E4B}.Debug|Any CPU.ActiveCfg = Debug|Any CPU
		{9E126044-3D4D-482F-A16D-44C39FA42E4B}.Debug|Any CPU.Build.0 = Debug|Any CPU
		{9E126044-3D4D-482F-A16D-44C39FA42E4B}.Debug|x64.ActiveCfg = Debug|Any CPU
		{9E126044-3D4D-482F-A16D-44C39FA42E4B}.Debug|x64.Build.0 = Debug|Any CPU
		{9E126044-3D4D-482F-A16D-44C39FA42E4B}.Debug|x86.ActiveCfg = Debug|Any CPU
		{9E126044-3D4D-482F-A16D-44C39FA42E4B}.Debug|x86.Build.0 = Debug|Any CPU
		{9E126044-3D4D-482F-A16D-44C39FA42E4B}.Release|Any CPU.ActiveCfg = Release|Any CPU
		{9E126044-3D4D-482F-A16D-44C39FA42E4B}.Release|Any CPU.Build.0 = Release|Any CPU
		{9E126044-3D4D-482F-A16D-44C39FA42E4B}.Release|x64.ActiveCfg = Release|Any CPU
		{9E126044-3D4D-482F-A16D-44C39FA42E4B}.Release|x64.Build.0 = Release|Any CPU
		{9E126044-3D4D-482F-A16D-44C39FA42E4B}.Release|x86.ActiveCfg = Release|Any CPU
		{9E126044-3D4D-482F-A16D-44C39FA42E4B}.Release|x86.Build.0 = Release|Any CPU
		{D428774E-CB01-40EB-B6AA-59B020B1882A}.Debug|Any CPU.ActiveCfg = Debug|Any CPU
		{D428774E-CB01-40EB-B6AA-59B020B1882A}.Debug|Any CPU.Build.0 = Debug|Any CPU
		{D428774E-CB01-40EB-B6AA-59B020B1882A}.Debug|x64.ActiveCfg = Debug|Any CPU
		{D428774E-CB01-40EB-B6AA-59B020B1882A}.Debug|x64.Build.0 = Debug|Any CPU
		{D428774E-CB01-40EB-B6AA-59B020B1882A}.Debug|x86.ActiveCfg = Debug|Any CPU
		{D428774E-CB01-40EB-B6AA-59B020B1882A}.Debug|x86.Build.0 = Debug|Any CPU
		{D428774E-CB01-40EB-B6AA-59B020B1882A}.Release|Any CPU.ActiveCfg = Release|Any CPU
		{D428774E-CB01-40EB-B6AA-59B020B1882A}.Release|Any CPU.Build.0 = Release|Any CPU
		{D428774E-CB01-40EB-B6AA-59B020B1882A}.Release|x64.ActiveCfg = Release|Any CPU
		{D428774E-CB01-40EB-B6AA-59B020B1882A}.Release|x64.Build.0 = Release|Any CPU
		{D428774E-CB01-40EB-B6AA-59B020B1882A}.Release|x86.ActiveCfg = Release|Any CPU
		{D428774E-CB01-40EB-B6AA-59B020B1882A}.Release|x86.Build.0 = Release|Any CPU
		{DDB47CFA-8792-8C5B-0A4F-8EB01FE1B03D}.Debug|Any CPU.ActiveCfg = Debug|Any CPU
		{DDB47CFA-8792-8C5B-0A4F-8EB01FE1B03D}.Debug|Any CPU.Build.0 = Debug|Any CPU
		{DDB47CFA-8792-8C5B-0A4F-8EB01FE1B03D}.Debug|x64.ActiveCfg = Debug|Any CPU
		{DDB47CFA-8792-8C5B-0A4F-8EB01FE1B03D}.Debug|x64.Build.0 = Debug|Any CPU
		{DDB47CFA-8792-8C5B-0A4F-8EB01FE1B03D}.Debug|x86.ActiveCfg = Debug|Any CPU
		{DDB47CFA-8792-8C5B-0A4F-8EB01FE1B03D}.Debug|x86.Build.0 = Debug|Any CPU
		{DDB47CFA-8792-8C5B-0A4F-8EB01FE1B03D}.Release|Any CPU.ActiveCfg = Release|Any CPU
		{DDB47CFA-8792-8C5B-0A4F-8EB01FE1B03D}.Release|Any CPU.Build.0 = Release|Any CPU
		{DDB47CFA-8792-8C5B-0A4F-8EB01FE1B03D}.Release|x64.ActiveCfg = Release|Any CPU
		{DDB47CFA-8792-8C5B-0A4F-8EB01FE1B03D}.Release|x64.Build.0 = Release|Any CPU
		{DDB47CFA-8792-8C5B-0A4F-8EB01FE1B03D}.Release|x86.ActiveCfg = Release|Any CPU
		{DDB47CFA-8792-8C5B-0A4F-8EB01FE1B03D}.Release|x86.Build.0 = Release|Any CPU
		{73D95EB1-82B2-BB04-2BD1-9ABAAA759583}.Debug|Any CPU.ActiveCfg = Debug|Any CPU
		{73D95EB1-82B2-BB04-2BD1-9ABAAA759583}.Debug|Any CPU.Build.0 = Debug|Any CPU
		{73D95EB1-82B2-BB04-2BD1-9ABAAA759583}.Debug|x64.ActiveCfg = Debug|Any CPU
		{73D95EB1-82B2-BB04-2BD1-9ABAAA759583}.Debug|x64.Build.0 = Debug|Any CPU
		{73D95EB1-82B2-BB04-2BD1-9ABAAA759583}.Debug|x86.ActiveCfg = Debug|Any CPU
		{73D95EB1-82B2-BB04-2BD1-9ABAAA759583}.Debug|x86.Build.0 = Debug|Any CPU
		{73D95EB1-82B2-BB04-2BD1-9ABAAA759583}.Release|Any CPU.ActiveCfg = Release|Any CPU
		{73D95EB1-82B2-BB04-2BD1-9ABAAA759583}.Release|Any CPU.Build.0 = Release|Any CPU
		{73D95EB1-82B2-BB04-2BD1-9ABAAA759583}.Release|x64.ActiveCfg = Release|Any CPU
		{73D95EB1-82B2-BB04-2BD1-9ABAAA759583}.Release|x64.Build.0 = Release|Any CPU
		{73D95EB1-82B2-BB04-2BD1-9ABAAA759583}.Release|x86.ActiveCfg = Release|Any CPU
		{73D95EB1-82B2-BB04-2BD1-9ABAAA759583}.Release|x86.Build.0 = Release|Any CPU
		{FE435BCA-F079-CD9C-0CD3-3CAACF87049E}.Debug|Any CPU.ActiveCfg = Debug|Any CPU
		{FE435BCA-F079-CD9C-0CD3-3CAACF87049E}.Debug|Any CPU.Build.0 = Debug|Any CPU
		{FE435BCA-F079-CD9C-0CD3-3CAACF87049E}.Debug|x64.ActiveCfg = Debug|Any CPU
		{FE435BCA-F079-CD9C-0CD3-3CAACF87049E}.Debug|x64.Build.0 = Debug|Any CPU
		{FE435BCA-F079-CD9C-0CD3-3CAACF87049E}.Debug|x86.ActiveCfg = Debug|Any CPU
		{FE435BCA-F079-CD9C-0CD3-3CAACF87049E}.Debug|x86.Build.0 = Debug|Any CPU
		{FE435BCA-F079-CD9C-0CD3-3CAACF87049E}.Release|Any CPU.ActiveCfg = Release|Any CPU
		{FE435BCA-F079-CD9C-0CD3-3CAACF87049E}.Release|Any CPU.Build.0 = Release|Any CPU
		{FE435BCA-F079-CD9C-0CD3-3CAACF87049E}.Release|x64.ActiveCfg = Release|Any CPU
		{FE435BCA-F079-CD9C-0CD3-3CAACF87049E}.Release|x64.Build.0 = Release|Any CPU
		{FE435BCA-F079-CD9C-0CD3-3CAACF87049E}.Release|x86.ActiveCfg = Release|Any CPU
		{FE435BCA-F079-CD9C-0CD3-3CAACF87049E}.Release|x86.Build.0 = Release|Any CPU
		{48A81B6F-5BDC-847F-6928-D7C2FA85D215}.Debug|Any CPU.ActiveCfg = Debug|Any CPU
		{48A81B6F-5BDC-847F-6928-D7C2FA85D215}.Debug|Any CPU.Build.0 = Debug|Any CPU
		{48A81B6F-5BDC-847F-6928-D7C2FA85D215}.Debug|x64.ActiveCfg = Debug|Any CPU
		{48A81B6F-5BDC-847F-6928-D7C2FA85D215}.Debug|x64.Build.0 = Debug|Any CPU
		{48A81B6F-5BDC-847F-6928-D7C2FA85D215}.Debug|x86.ActiveCfg = Debug|Any CPU
		{48A81B6F-5BDC-847F-6928-D7C2FA85D215}.Debug|x86.Build.0 = Debug|Any CPU
		{48A81B6F-5BDC-847F-6928-D7C2FA85D215}.Release|Any CPU.ActiveCfg = Release|Any CPU
		{48A81B6F-5BDC-847F-6928-D7C2FA85D215}.Release|Any CPU.Build.0 = Release|Any CPU
		{48A81B6F-5BDC-847F-6928-D7C2FA85D215}.Release|x64.ActiveCfg = Release|Any CPU
		{48A81B6F-5BDC-847F-6928-D7C2FA85D215}.Release|x64.Build.0 = Release|Any CPU
		{48A81B6F-5BDC-847F-6928-D7C2FA85D215}.Release|x86.ActiveCfg = Release|Any CPU
		{48A81B6F-5BDC-847F-6928-D7C2FA85D215}.Release|x86.Build.0 = Release|Any CPU
		{B56A7AB3-E3C6-0A2A-89EC-2BFF87D94B42}.Debug|Any CPU.ActiveCfg = Debug|Any CPU
		{B56A7AB3-E3C6-0A2A-89EC-2BFF87D94B42}.Debug|Any CPU.Build.0 = Debug|Any CPU
		{B56A7AB3-E3C6-0A2A-89EC-2BFF87D94B42}.Debug|x64.ActiveCfg = Debug|Any CPU
		{B56A7AB3-E3C6-0A2A-89EC-2BFF87D94B42}.Debug|x64.Build.0 = Debug|Any CPU
		{B56A7AB3-E3C6-0A2A-89EC-2BFF87D94B42}.Debug|x86.ActiveCfg = Debug|Any CPU
		{B56A7AB3-E3C6-0A2A-89EC-2BFF87D94B42}.Debug|x86.Build.0 = Debug|Any CPU
		{B56A7AB3-E3C6-0A2A-89EC-2BFF87D94B42}.Release|Any CPU.ActiveCfg = Release|Any CPU
		{B56A7AB3-E3C6-0A2A-89EC-2BFF87D94B42}.Release|Any CPU.Build.0 = Release|Any CPU
		{B56A7AB3-E3C6-0A2A-89EC-2BFF87D94B42}.Release|x64.ActiveCfg = Release|Any CPU
		{B56A7AB3-E3C6-0A2A-89EC-2BFF87D94B42}.Release|x64.Build.0 = Release|Any CPU
		{B56A7AB3-E3C6-0A2A-89EC-2BFF87D94B42}.Release|x86.ActiveCfg = Release|Any CPU
		{B56A7AB3-E3C6-0A2A-89EC-2BFF87D94B42}.Release|x86.Build.0 = Release|Any CPU
		{09C933D7-A8CD-E7BE-BF29-15BF0F35457E}.Debug|Any CPU.ActiveCfg = Debug|Any CPU
		{09C933D7-A8CD-E7BE-BF29-15BF0F35457E}.Debug|Any CPU.Build.0 = Debug|Any CPU
		{09C933D7-A8CD-E7BE-BF29-15BF0F35457E}.Debug|x64.ActiveCfg = Debug|Any CPU
		{09C933D7-A8CD-E7BE-BF29-15BF0F35457E}.Debug|x64.Build.0 = Debug|Any CPU
		{09C933D7-A8CD-E7BE-BF29-15BF0F35457E}.Debug|x86.ActiveCfg = Debug|Any CPU
		{09C933D7-A8CD-E7BE-BF29-15BF0F35457E}.Debug|x86.Build.0 = Debug|Any CPU
		{09C933D7-A8CD-E7BE-BF29-15BF0F35457E}.Release|Any CPU.ActiveCfg = Release|Any CPU
		{09C933D7-A8CD-E7BE-BF29-15BF0F35457E}.Release|Any CPU.Build.0 = Release|Any CPU
		{09C933D7-A8CD-E7BE-BF29-15BF0F35457E}.Release|x64.ActiveCfg = Release|Any CPU
		{09C933D7-A8CD-E7BE-BF29-15BF0F35457E}.Release|x64.Build.0 = Release|Any CPU
		{09C933D7-A8CD-E7BE-BF29-15BF0F35457E}.Release|x86.ActiveCfg = Release|Any CPU
		{09C933D7-A8CD-E7BE-BF29-15BF0F35457E}.Release|x86.Build.0 = Release|Any CPU
		{B46CBC9A-BF3D-B520-58A8-2A73FB9BE21E}.Debug|Any CPU.ActiveCfg = Debug|Any CPU
		{B46CBC9A-BF3D-B520-58A8-2A73FB9BE21E}.Debug|Any CPU.Build.0 = Debug|Any CPU
		{B46CBC9A-BF3D-B520-58A8-2A73FB9BE21E}.Debug|x64.ActiveCfg = Debug|Any CPU
		{B46CBC9A-BF3D-B520-58A8-2A73FB9BE21E}.Debug|x64.Build.0 = Debug|Any CPU
		{B46CBC9A-BF3D-B520-58A8-2A73FB9BE21E}.Debug|x86.ActiveCfg = Debug|Any CPU
		{B46CBC9A-BF3D-B520-58A8-2A73FB9BE21E}.Debug|x86.Build.0 = Debug|Any CPU
		{B46CBC9A-BF3D-B520-58A8-2A73FB9BE21E}.Release|Any CPU.ActiveCfg = Release|Any CPU
		{B46CBC9A-BF3D-B520-58A8-2A73FB9BE21E}.Release|Any CPU.Build.0 = Release|Any CPU
		{B46CBC9A-BF3D-B520-58A8-2A73FB9BE21E}.Release|x64.ActiveCfg = Release|Any CPU
		{B46CBC9A-BF3D-B520-58A8-2A73FB9BE21E}.Release|x64.Build.0 = Release|Any CPU
		{B46CBC9A-BF3D-B520-58A8-2A73FB9BE21E}.Release|x86.ActiveCfg = Release|Any CPU
		{B46CBC9A-BF3D-B520-58A8-2A73FB9BE21E}.Release|x86.Build.0 = Release|Any CPU
		{E64472A8-EBB1-CD59-9883-5CEDC5CC7BF6}.Debug|Any CPU.ActiveCfg = Debug|Any CPU
		{E64472A8-EBB1-CD59-9883-5CEDC5CC7BF6}.Debug|Any CPU.Build.0 = Debug|Any CPU
		{E64472A8-EBB1-CD59-9883-5CEDC5CC7BF6}.Debug|x64.ActiveCfg = Debug|Any CPU
		{E64472A8-EBB1-CD59-9883-5CEDC5CC7BF6}.Debug|x64.Build.0 = Debug|Any CPU
		{E64472A8-EBB1-CD59-9883-5CEDC5CC7BF6}.Debug|x86.ActiveCfg = Debug|Any CPU
		{E64472A8-EBB1-CD59-9883-5CEDC5CC7BF6}.Debug|x86.Build.0 = Debug|Any CPU
		{E64472A8-EBB1-CD59-9883-5CEDC5CC7BF6}.Release|Any CPU.ActiveCfg = Release|Any CPU
		{E64472A8-EBB1-CD59-9883-5CEDC5CC7BF6}.Release|Any CPU.Build.0 = Release|Any CPU
		{E64472A8-EBB1-CD59-9883-5CEDC5CC7BF6}.Release|x64.ActiveCfg = Release|Any CPU
		{E64472A8-EBB1-CD59-9883-5CEDC5CC7BF6}.Release|x64.Build.0 = Release|Any CPU
		{E64472A8-EBB1-CD59-9883-5CEDC5CC7BF6}.Release|x86.ActiveCfg = Release|Any CPU
		{E64472A8-EBB1-CD59-9883-5CEDC5CC7BF6}.Release|x86.Build.0 = Release|Any CPU
		{B37F5242-79F8-278D-030C-E2EDB6294FA3}.Debug|Any CPU.ActiveCfg = Debug|Any CPU
		{B37F5242-79F8-278D-030C-E2EDB6294FA3}.Debug|Any CPU.Build.0 = Debug|Any CPU
		{B37F5242-79F8-278D-030C-E2EDB6294FA3}.Debug|x64.ActiveCfg = Debug|Any CPU
		{B37F5242-79F8-278D-030C-E2EDB6294FA3}.Debug|x64.Build.0 = Debug|Any CPU
		{B37F5242-79F8-278D-030C-E2EDB6294FA3}.Debug|x86.ActiveCfg = Debug|Any CPU
		{B37F5242-79F8-278D-030C-E2EDB6294FA3}.Debug|x86.Build.0 = Debug|Any CPU
		{B37F5242-79F8-278D-030C-E2EDB6294FA3}.Release|Any CPU.ActiveCfg = Release|Any CPU
		{B37F5242-79F8-278D-030C-E2EDB6294FA3}.Release|Any CPU.Build.0 = Release|Any CPU
		{B37F5242-79F8-278D-030C-E2EDB6294FA3}.Release|x64.ActiveCfg = Release|Any CPU
		{B37F5242-79F8-278D-030C-E2EDB6294FA3}.Release|x64.Build.0 = Release|Any CPU
		{B37F5242-79F8-278D-030C-E2EDB6294FA3}.Release|x86.ActiveCfg = Release|Any CPU
		{B37F5242-79F8-278D-030C-E2EDB6294FA3}.Release|x86.Build.0 = Release|Any CPU
		{3D138CDE-0B21-3F42-5059-AA8D0B2BB9FB}.Debug|Any CPU.ActiveCfg = Debug|Any CPU
		{3D138CDE-0B21-3F42-5059-AA8D0B2BB9FB}.Debug|Any CPU.Build.0 = Debug|Any CPU
		{3D138CDE-0B21-3F42-5059-AA8D0B2BB9FB}.Debug|x64.ActiveCfg = Debug|Any CPU
		{3D138CDE-0B21-3F42-5059-AA8D0B2BB9FB}.Debug|x64.Build.0 = Debug|Any CPU
		{3D138CDE-0B21-3F42-5059-AA8D0B2BB9FB}.Debug|x86.ActiveCfg = Debug|Any CPU
		{3D138CDE-0B21-3F42-5059-AA8D0B2BB9FB}.Debug|x86.Build.0 = Debug|Any CPU
		{3D138CDE-0B21-3F42-5059-AA8D0B2BB9FB}.Release|Any CPU.ActiveCfg = Release|Any CPU
		{3D138CDE-0B21-3F42-5059-AA8D0B2BB9FB}.Release|Any CPU.Build.0 = Release|Any CPU
		{3D138CDE-0B21-3F42-5059-AA8D0B2BB9FB}.Release|x64.ActiveCfg = Release|Any CPU
		{3D138CDE-0B21-3F42-5059-AA8D0B2BB9FB}.Release|x64.Build.0 = Release|Any CPU
		{3D138CDE-0B21-3F42-5059-AA8D0B2BB9FB}.Release|x86.ActiveCfg = Release|Any CPU
		{3D138CDE-0B21-3F42-5059-AA8D0B2BB9FB}.Release|x86.Build.0 = Release|Any CPU
		{48787F1C-B250-592C-ABD5-7DD275F18D41}.Debug|Any CPU.ActiveCfg = Debug|Any CPU
		{48787F1C-B250-592C-ABD5-7DD275F18D41}.Debug|Any CPU.Build.0 = Debug|Any CPU
		{48787F1C-B250-592C-ABD5-7DD275F18D41}.Debug|x64.ActiveCfg = Debug|Any CPU
		{48787F1C-B250-592C-ABD5-7DD275F18D41}.Debug|x64.Build.0 = Debug|Any CPU
		{48787F1C-B250-592C-ABD5-7DD275F18D41}.Debug|x86.ActiveCfg = Debug|Any CPU
		{48787F1C-B250-592C-ABD5-7DD275F18D41}.Debug|x86.Build.0 = Debug|Any CPU
		{48787F1C-B250-592C-ABD5-7DD275F18D41}.Release|Any CPU.ActiveCfg = Release|Any CPU
		{48787F1C-B250-592C-ABD5-7DD275F18D41}.Release|Any CPU.Build.0 = Release|Any CPU
		{48787F1C-B250-592C-ABD5-7DD275F18D41}.Release|x64.ActiveCfg = Release|Any CPU
		{48787F1C-B250-592C-ABD5-7DD275F18D41}.Release|x64.Build.0 = Release|Any CPU
		{48787F1C-B250-592C-ABD5-7DD275F18D41}.Release|x86.ActiveCfg = Release|Any CPU
		{48787F1C-B250-592C-ABD5-7DD275F18D41}.Release|x86.Build.0 = Release|Any CPU
		{AE464222-BCF6-19FA-99EC-6E6CB5608991}.Debug|Any CPU.ActiveCfg = Debug|Any CPU
		{AE464222-BCF6-19FA-99EC-6E6CB5608991}.Debug|Any CPU.Build.0 = Debug|Any CPU
		{AE464222-BCF6-19FA-99EC-6E6CB5608991}.Debug|x64.ActiveCfg = Debug|Any CPU
		{AE464222-BCF6-19FA-99EC-6E6CB5608991}.Debug|x64.Build.0 = Debug|Any CPU
		{AE464222-BCF6-19FA-99EC-6E6CB5608991}.Debug|x86.ActiveCfg = Debug|Any CPU
		{AE464222-BCF6-19FA-99EC-6E6CB5608991}.Debug|x86.Build.0 = Debug|Any CPU
		{AE464222-BCF6-19FA-99EC-6E6CB5608991}.Release|Any CPU.ActiveCfg = Release|Any CPU
		{AE464222-BCF6-19FA-99EC-6E6CB5608991}.Release|Any CPU.Build.0 = Release|Any CPU
		{AE464222-BCF6-19FA-99EC-6E6CB5608991}.Release|x64.ActiveCfg = Release|Any CPU
		{AE464222-BCF6-19FA-99EC-6E6CB5608991}.Release|x64.Build.0 = Release|Any CPU
		{AE464222-BCF6-19FA-99EC-6E6CB5608991}.Release|x86.ActiveCfg = Release|Any CPU
		{AE464222-BCF6-19FA-99EC-6E6CB5608991}.Release|x86.Build.0 = Release|Any CPU
		{63E29C6A-DCB8-6F79-533F-061CA6AE5642}.Debug|Any CPU.ActiveCfg = Debug|Any CPU
		{63E29C6A-DCB8-6F79-533F-061CA6AE5642}.Debug|Any CPU.Build.0 = Debug|Any CPU
		{63E29C6A-DCB8-6F79-533F-061CA6AE5642}.Debug|x64.ActiveCfg = Debug|Any CPU
		{63E29C6A-DCB8-6F79-533F-061CA6AE5642}.Debug|x64.Build.0 = Debug|Any CPU
		{63E29C6A-DCB8-6F79-533F-061CA6AE5642}.Debug|x86.ActiveCfg = Debug|Any CPU
		{63E29C6A-DCB8-6F79-533F-061CA6AE5642}.Debug|x86.Build.0 = Debug|Any CPU
		{63E29C6A-DCB8-6F79-533F-061CA6AE5642}.Release|Any CPU.ActiveCfg = Release|Any CPU
		{63E29C6A-DCB8-6F79-533F-061CA6AE5642}.Release|Any CPU.Build.0 = Release|Any CPU
		{63E29C6A-DCB8-6F79-533F-061CA6AE5642}.Release|x64.ActiveCfg = Release|Any CPU
		{63E29C6A-DCB8-6F79-533F-061CA6AE5642}.Release|x64.Build.0 = Release|Any CPU
		{63E29C6A-DCB8-6F79-533F-061CA6AE5642}.Release|x86.ActiveCfg = Release|Any CPU
		{63E29C6A-DCB8-6F79-533F-061CA6AE5642}.Release|x86.Build.0 = Release|Any CPU
		{2EAB4A44-6257-ED3C-0FA4-7BAF032E05FC}.Debug|Any CPU.ActiveCfg = Debug|Any CPU
		{2EAB4A44-6257-ED3C-0FA4-7BAF032E05FC}.Debug|Any CPU.Build.0 = Debug|Any CPU
		{2EAB4A44-6257-ED3C-0FA4-7BAF032E05FC}.Debug|x64.ActiveCfg = Debug|Any CPU
		{2EAB4A44-6257-ED3C-0FA4-7BAF032E05FC}.Debug|x64.Build.0 = Debug|Any CPU
		{2EAB4A44-6257-ED3C-0FA4-7BAF032E05FC}.Debug|x86.ActiveCfg = Debug|Any CPU
		{2EAB4A44-6257-ED3C-0FA4-7BAF032E05FC}.Debug|x86.Build.0 = Debug|Any CPU
		{2EAB4A44-6257-ED3C-0FA4-7BAF032E05FC}.Release|Any CPU.ActiveCfg = Release|Any CPU
		{2EAB4A44-6257-ED3C-0FA4-7BAF032E05FC}.Release|Any CPU.Build.0 = Release|Any CPU
		{2EAB4A44-6257-ED3C-0FA4-7BAF032E05FC}.Release|x64.ActiveCfg = Release|Any CPU
		{2EAB4A44-6257-ED3C-0FA4-7BAF032E05FC}.Release|x64.Build.0 = Release|Any CPU
		{2EAB4A44-6257-ED3C-0FA4-7BAF032E05FC}.Release|x86.ActiveCfg = Release|Any CPU
		{2EAB4A44-6257-ED3C-0FA4-7BAF032E05FC}.Release|x86.Build.0 = Release|Any CPU
		{259AF0CB-E7DD-406A-A12D-C3F74AA74232}.Debug|Any CPU.ActiveCfg = Debug|Any CPU
		{259AF0CB-E7DD-406A-A12D-C3F74AA74232}.Debug|Any CPU.Build.0 = Debug|Any CPU
		{259AF0CB-E7DD-406A-A12D-C3F74AA74232}.Debug|x64.ActiveCfg = Debug|Any CPU
		{259AF0CB-E7DD-406A-A12D-C3F74AA74232}.Debug|x64.Build.0 = Debug|Any CPU
		{259AF0CB-E7DD-406A-A12D-C3F74AA74232}.Debug|x86.ActiveCfg = Debug|Any CPU
		{259AF0CB-E7DD-406A-A12D-C3F74AA74232}.Debug|x86.Build.0 = Debug|Any CPU
		{259AF0CB-E7DD-406A-A12D-C3F74AA74232}.Release|Any CPU.ActiveCfg = Release|Any CPU
		{259AF0CB-E7DD-406A-A12D-C3F74AA74232}.Release|Any CPU.Build.0 = Release|Any CPU
		{259AF0CB-E7DD-406A-A12D-C3F74AA74232}.Release|x64.ActiveCfg = Release|Any CPU
		{259AF0CB-E7DD-406A-A12D-C3F74AA74232}.Release|x64.Build.0 = Release|Any CPU
		{259AF0CB-E7DD-406A-A12D-C3F74AA74232}.Release|x86.ActiveCfg = Release|Any CPU
		{259AF0CB-E7DD-406A-A12D-C3F74AA74232}.Release|x86.Build.0 = Release|Any CPU
		{E142DF29-3BAB-46AC-AC91-C6731A489E4B}.Debug|Any CPU.ActiveCfg = Debug|Any CPU
		{E142DF29-3BAB-46AC-AC91-C6731A489E4B}.Debug|Any CPU.Build.0 = Debug|Any CPU
		{E142DF29-3BAB-46AC-AC91-C6731A489E4B}.Debug|x64.ActiveCfg = Debug|Any CPU
		{E142DF29-3BAB-46AC-AC91-C6731A489E4B}.Debug|x64.Build.0 = Debug|Any CPU
		{E142DF29-3BAB-46AC-AC91-C6731A489E4B}.Debug|x86.ActiveCfg = Debug|Any CPU
		{E142DF29-3BAB-46AC-AC91-C6731A489E4B}.Debug|x86.Build.0 = Debug|Any CPU
		{E142DF29-3BAB-46AC-AC91-C6731A489E4B}.Release|Any CPU.ActiveCfg = Release|Any CPU
		{E142DF29-3BAB-46AC-AC91-C6731A489E4B}.Release|Any CPU.Build.0 = Release|Any CPU
		{E142DF29-3BAB-46AC-AC91-C6731A489E4B}.Release|x64.ActiveCfg = Release|Any CPU
		{E142DF29-3BAB-46AC-AC91-C6731A489E4B}.Release|x64.Build.0 = Release|Any CPU
		{E142DF29-3BAB-46AC-AC91-C6731A489E4B}.Release|x86.ActiveCfg = Release|Any CPU
		{E142DF29-3BAB-46AC-AC91-C6731A489E4B}.Release|x86.Build.0 = Release|Any CPU
		{C78EED60-EA48-46E8-99DC-1B63AE33F671}.Debug|Any CPU.ActiveCfg = Debug|Any CPU
		{C78EED60-EA48-46E8-99DC-1B63AE33F671}.Debug|Any CPU.Build.0 = Debug|Any CPU
		{C78EED60-EA48-46E8-99DC-1B63AE33F671}.Debug|x64.ActiveCfg = Debug|Any CPU
		{C78EED60-EA48-46E8-99DC-1B63AE33F671}.Debug|x64.Build.0 = Debug|Any CPU
		{C78EED60-EA48-46E8-99DC-1B63AE33F671}.Debug|x86.ActiveCfg = Debug|Any CPU
		{C78EED60-EA48-46E8-99DC-1B63AE33F671}.Debug|x86.Build.0 = Debug|Any CPU
		{C78EED60-EA48-46E8-99DC-1B63AE33F671}.Release|Any CPU.ActiveCfg = Release|Any CPU
		{C78EED60-EA48-46E8-99DC-1B63AE33F671}.Release|Any CPU.Build.0 = Release|Any CPU
		{C78EED60-EA48-46E8-99DC-1B63AE33F671}.Release|x64.ActiveCfg = Release|Any CPU
		{C78EED60-EA48-46E8-99DC-1B63AE33F671}.Release|x64.Build.0 = Release|Any CPU
		{C78EED60-EA48-46E8-99DC-1B63AE33F671}.Release|x86.ActiveCfg = Release|Any CPU
		{C78EED60-EA48-46E8-99DC-1B63AE33F671}.Release|x86.Build.0 = Release|Any CPU
		{3A1D8B45-6B62-46DE-A0CC-8291E30A7EEB}.Debug|Any CPU.ActiveCfg = Debug|Any CPU
		{3A1D8B45-6B62-46DE-A0CC-8291E30A7EEB}.Debug|Any CPU.Build.0 = Debug|Any CPU
		{3A1D8B45-6B62-46DE-A0CC-8291E30A7EEB}.Debug|x64.ActiveCfg = Debug|Any CPU
		{3A1D8B45-6B62-46DE-A0CC-8291E30A7EEB}.Debug|x64.Build.0 = Debug|Any CPU
		{3A1D8B45-6B62-46DE-A0CC-8291E30A7EEB}.Debug|x86.ActiveCfg = Debug|Any CPU
		{3A1D8B45-6B62-46DE-A0CC-8291E30A7EEB}.Debug|x86.Build.0 = Debug|Any CPU
		{3A1D8B45-6B62-46DE-A0CC-8291E30A7EEB}.Release|Any CPU.ActiveCfg = Release|Any CPU
		{3A1D8B45-6B62-46DE-A0CC-8291E30A7EEB}.Release|Any CPU.Build.0 = Release|Any CPU
		{3A1D8B45-6B62-46DE-A0CC-8291E30A7EEB}.Release|x64.ActiveCfg = Release|Any CPU
		{3A1D8B45-6B62-46DE-A0CC-8291E30A7EEB}.Release|x64.Build.0 = Release|Any CPU
		{3A1D8B45-6B62-46DE-A0CC-8291E30A7EEB}.Release|x86.ActiveCfg = Release|Any CPU
		{3A1D8B45-6B62-46DE-A0CC-8291E30A7EEB}.Release|x86.Build.0 = Release|Any CPU
		{7C3D5C3C-79DB-4B2D-AB24-2256E00BC5FA}.Debug|Any CPU.ActiveCfg = Debug|Any CPU
		{7C3D5C3C-79DB-4B2D-AB24-2256E00BC5FA}.Debug|Any CPU.Build.0 = Debug|Any CPU
		{7C3D5C3C-79DB-4B2D-AB24-2256E00BC5FA}.Debug|x64.ActiveCfg = Debug|Any CPU
		{7C3D5C3C-79DB-4B2D-AB24-2256E00BC5FA}.Debug|x64.Build.0 = Debug|Any CPU
		{7C3D5C3C-79DB-4B2D-AB24-2256E00BC5FA}.Debug|x86.ActiveCfg = Debug|Any CPU
		{7C3D5C3C-79DB-4B2D-AB24-2256E00BC5FA}.Debug|x86.Build.0 = Debug|Any CPU
		{7C3D5C3C-79DB-4B2D-AB24-2256E00BC5FA}.Release|Any CPU.ActiveCfg = Release|Any CPU
		{7C3D5C3C-79DB-4B2D-AB24-2256E00BC5FA}.Release|Any CPU.Build.0 = Release|Any CPU
		{7C3D5C3C-79DB-4B2D-AB24-2256E00BC5FA}.Release|x64.ActiveCfg = Release|Any CPU
		{7C3D5C3C-79DB-4B2D-AB24-2256E00BC5FA}.Release|x64.Build.0 = Release|Any CPU
		{7C3D5C3C-79DB-4B2D-AB24-2256E00BC5FA}.Release|x86.ActiveCfg = Release|Any CPU
		{7C3D5C3C-79DB-4B2D-AB24-2256E00BC5FA}.Release|x86.Build.0 = Release|Any CPU
		{AA7A3EB1-948A-482E-9DBD-0E13325D7191}.Debug|Any CPU.ActiveCfg = Debug|Any CPU
		{AA7A3EB1-948A-482E-9DBD-0E13325D7191}.Debug|Any CPU.Build.0 = Debug|Any CPU
		{AA7A3EB1-948A-482E-9DBD-0E13325D7191}.Debug|x64.ActiveCfg = Debug|Any CPU
		{AA7A3EB1-948A-482E-9DBD-0E13325D7191}.Debug|x64.Build.0 = Debug|Any CPU
		{AA7A3EB1-948A-482E-9DBD-0E13325D7191}.Debug|x86.ActiveCfg = Debug|Any CPU
		{AA7A3EB1-948A-482E-9DBD-0E13325D7191}.Debug|x86.Build.0 = Debug|Any CPU
		{AA7A3EB1-948A-482E-9DBD-0E13325D7191}.Release|Any CPU.ActiveCfg = Release|Any CPU
		{AA7A3EB1-948A-482E-9DBD-0E13325D7191}.Release|Any CPU.Build.0 = Release|Any CPU
		{AA7A3EB1-948A-482E-9DBD-0E13325D7191}.Release|x64.ActiveCfg = Release|Any CPU
		{AA7A3EB1-948A-482E-9DBD-0E13325D7191}.Release|x64.Build.0 = Release|Any CPU
		{AA7A3EB1-948A-482E-9DBD-0E13325D7191}.Release|x86.ActiveCfg = Release|Any CPU
		{AA7A3EB1-948A-482E-9DBD-0E13325D7191}.Release|x86.Build.0 = Release|Any CPU
	EndGlobalSection
	GlobalSection(SolutionProperties) = preSolution
		HideSolutionNode = FALSE
	EndGlobalSection
	GlobalSection(NestedProjects) = preSolution
		{C8E42992-5E42-0C2B-DBFE-AA848D06431C} = {827E0CD3-B72D-47B6-A68D-7590B98EB39B}
		{FC353300-EB07-493A-98B8-B74AC8A56BA4} = {C8E42992-5E42-0C2B-DBFE-AA848D06431C}
		{39498777-C46D-49BD-8319-656F4A68215B} = {C8E42992-5E42-0C2B-DBFE-AA848D06431C}
		{81034408-37C8-1011-444E-4C15C2FADA8E} = {827E0CD3-B72D-47B6-A68D-7590B98EB39B}
		{1AAD20A6-D052-4BA7-B311-6082E3DBAEAE} = {81034408-37C8-1011-444E-4C15C2FADA8E}
		{EC447DCF-ABFA-6E24-52A5-D7FD48A5C558} = {827E0CD3-B72D-47B6-A68D-7590B98EB39B}
		{0EC62A1A-9858-3A60-8A0C-FC9AACFA2EC7} = {EC447DCF-ABFA-6E24-52A5-D7FD48A5C558}
		{C573C4C0-67F8-4AEC-B597-85A7A94F5C46} = {0EC62A1A-9858-3A60-8A0C-FC9AACFA2EC7}
		{11102696-A5B4-4B42-A53A-9E8FE497DE38} = {0EC62A1A-9858-3A60-8A0C-FC9AACFA2EC7}
		{76F17030-936D-440E-BE1E-596D03C4FABC} = {0EC62A1A-9858-3A60-8A0C-FC9AACFA2EC7}
		{32CD3160-97BD-4207-9FBE-980EB696011F} = {0EC62A1A-9858-3A60-8A0C-FC9AACFA2EC7}
		{11526679-C6EF-8B5F-40F4-1059641C9F6B} = {EC447DCF-ABFA-6E24-52A5-D7FD48A5C558}
		{495EDFE9-5F6C-41FB-BB46-4DE27A74B4A6} = {11526679-C6EF-8B5F-40F4-1059641C9F6B}
		{D776CD55-03C2-42F5-BA4E-3EB9B039AF88} = {11526679-C6EF-8B5F-40F4-1059641C9F6B}
		{E81869CC-E8AA-4464-A31B-D84ADC15D57C} = {11526679-C6EF-8B5F-40F4-1059641C9F6B}
		{8F35F34C-EF55-4939-A44E-B3FB7BC92D52} = {11526679-C6EF-8B5F-40F4-1059641C9F6B}
		{D8AF9F9B-3784-5BC8-3504-1533E21356D8} = {EC447DCF-ABFA-6E24-52A5-D7FD48A5C558}
		{3F1DA38F-73B6-4AB5-BE49-4F2E0FDB4CDC} = {D8AF9F9B-3784-5BC8-3504-1533E21356D8}
		{CDC00267-84B2-4776-BE20-21FCEF51FB38} = {D8AF9F9B-3784-5BC8-3504-1533E21356D8}
		{3F0502B0-3613-4E94-BA98-AF9C4BDF3854} = {D8AF9F9B-3784-5BC8-3504-1533E21356D8}
		{3F90E68F-7F25-47A1-90AA-C6ED00F57F76} = {D8AF9F9B-3784-5BC8-3504-1533E21356D8}
		{DA0A0FAD-B77D-FDD6-35C5-001386650F99} = {EC447DCF-ABFA-6E24-52A5-D7FD48A5C558}
		{5235C283-B9CB-4C11-9EBB-83B2C89F98B9} = {DA0A0FAD-B77D-FDD6-35C5-001386650F99}
		{AE98B832-1947-46D5-9FDD-72D46B68DB2D} = {DA0A0FAD-B77D-FDD6-35C5-001386650F99}
		{9E126044-3D4D-482F-A16D-44C39FA42E4B} = {DA0A0FAD-B77D-FDD6-35C5-001386650F99}
		{D428774E-CB01-40EB-B6AA-59B020B1882A} = {DA0A0FAD-B77D-FDD6-35C5-001386650F99}
		{EE99F00B-90FF-4EBA-B3C8-6F942CBE3BD3} = {EC447DCF-ABFA-6E24-52A5-D7FD48A5C558}
		{DDB47CFA-8792-8C5B-0A4F-8EB01FE1B03D} = {EE99F00B-90FF-4EBA-B3C8-6F942CBE3BD3}
		{73D95EB1-82B2-BB04-2BD1-9ABAAA759583} = {EE99F00B-90FF-4EBA-B3C8-6F942CBE3BD3}
		{FE435BCA-F079-CD9C-0CD3-3CAACF87049E} = {EE99F00B-90FF-4EBA-B3C8-6F942CBE3BD3}
		{48A81B6F-5BDC-847F-6928-D7C2FA85D215} = {EE99F00B-90FF-4EBA-B3C8-6F942CBE3BD3}
		{B4370478-BE44-4257-AC5B-32CE00E84765} = {B2886732-9998-4040-BC44-4E71A5196043}
		{30574476-9316-4113-910A-93FBF1D5E4DD} = {B2886732-9998-4040-BC44-4E71A5196043}
		{B8F55DCB-183B-4968-AF84-47A1122AE413} = {B2886732-9998-4040-BC44-4E71A5196043}
		{9695FF36-58C9-4421-A801-0290D250514A} = {B2886732-9998-4040-BC44-4E71A5196043}
		{259CEF11-A7EA-4B45-A353-625ACC6DFAD6} = {B2886732-9998-4040-BC44-4E71A5196043}
		{B2886732-9998-4040-BC44-4E71A5196043} = {2A36DCA0-719C-4CF9-AEA6-12A90CDF65B0}
		{218CEAEC-5E46-4B4F-B843-7233781E3ADD} = {2A36DCA0-719C-4CF9-AEA6-12A90CDF65B0}
		{F12E0C16-0A0F-4A1F-8CBA-C20B3F9FED7D} = {2A36DCA0-719C-4CF9-AEA6-12A90CDF65B0}
		{B56A7AB3-E3C6-0A2A-89EC-2BFF87D94B42} = {218CEAEC-5E46-4B4F-B843-7233781E3ADD}
		{09C933D7-A8CD-E7BE-BF29-15BF0F35457E} = {F12E0C16-0A0F-4A1F-8CBA-C20B3F9FED7D}
		{B46CBC9A-BF3D-B520-58A8-2A73FB9BE21E} = {B4370478-BE44-4257-AC5B-32CE00E84765}
		{E64472A8-EBB1-CD59-9883-5CEDC5CC7BF6} = {B4370478-BE44-4257-AC5B-32CE00E84765}
		{B37F5242-79F8-278D-030C-E2EDB6294FA3} = {30574476-9316-4113-910A-93FBF1D5E4DD}
		{3D138CDE-0B21-3F42-5059-AA8D0B2BB9FB} = {30574476-9316-4113-910A-93FBF1D5E4DD}
		{48787F1C-B250-592C-ABD5-7DD275F18D41} = {9695FF36-58C9-4421-A801-0290D250514A}
		{AE464222-BCF6-19FA-99EC-6E6CB5608991} = {B8F55DCB-183B-4968-AF84-47A1122AE413}
		{63E29C6A-DCB8-6F79-533F-061CA6AE5642} = {259CEF11-A7EA-4B45-A353-625ACC6DFAD6}
		{2EAB4A44-6257-ED3C-0FA4-7BAF032E05FC} = {259CEF11-A7EA-4B45-A353-625ACC6DFAD6}
		{A5244757-3229-128B-77B7-24EA3D1F035B} = {EC447DCF-ABFA-6E24-52A5-D7FD48A5C558}
		{259AF0CB-E7DD-406A-A12D-C3F74AA74232} = {A5244757-3229-128B-77B7-24EA3D1F035B}
		{E142DF29-3BAB-46AC-AC91-C6731A489E4B} = {A5244757-3229-128B-77B7-24EA3D1F035B}
		{C78EED60-EA48-46E8-99DC-1B63AE33F671} = {A5244757-3229-128B-77B7-24EA3D1F035B}
		{3A1D8B45-6B62-46DE-A0CC-8291E30A7EEB} = {A5244757-3229-128B-77B7-24EA3D1F035B}
		{5CB90DFD-0C71-91A2-0BBC-CE80EF027794} = {B2886732-9998-4040-BC44-4E71A5196043}
		{7C3D5C3C-79DB-4B2D-AB24-2256E00BC5FA} = {5CB90DFD-0C71-91A2-0BBC-CE80EF027794}
		{AA7A3EB1-948A-482E-9DBD-0E13325D7191} = {5CB90DFD-0C71-91A2-0BBC-CE80EF027794}
	EndGlobalSection
	GlobalSection(ExtensibilityGlobals) = postSolution
		SolutionGuid = {242ACA16-24EC-4E2C-BABD-9EDFCE51FB85}
	EndGlobalSection
EndGlobal
